
Microsoft Visual Studio Solution File, Format Version 12.00
# Visual Studio 15
VisualStudioVersion = 15.0.27703.2042
MinimumVisualStudioVersion = 10.0.40219.1
Project("{FAE04EC0-301F-11D3-BF4B-00C04F79EFBC}") = "LocalMemory", "LocalMemory\LocalMemory.csproj", "{D1C3049F-E4ED-42A4-8708-D1B806E84F15}"
EndProject
Global
	GlobalSection(SolutionConfigurationPlatforms) = preSolution
		Debug|Any CPU = Debug|Any CPU
		Release|Any CPU = Release|Any CPU
	EndGlobalSection
	GlobalSection(ProjectConfigurationPlatforms) = postSolution
		{D1C3049F-E4ED-42A4-8708-D1B806E84F15}.Debug|Any CPU.ActiveCfg = Debug|Any CPU
		{D1C3049F-E4ED-42A4-8708-D1B806E84F15}.Debug|Any CPU.Build.0 = Debug|Any CPU
		{D1C3049F-E4ED-42A4-8708-D1B806E84F15}.Release|Any CPU.ActiveCfg = Release|Any CPU
		{D1C3049F-E4ED-42A4-8708-D1B806E84F15}.Release|Any CPU.Build.0 = Release|Any CPU
	EndGlobalSection
	GlobalSection(SolutionProperties) = preSolution
		HideSolutionNode = FALSE
	EndGlobalSection
	GlobalSection(ExtensibilityGlobals) = postSolution
		SolutionGuid = {64FC7A53-BF95-4FA2-A415-8230198FF0AD}
	EndGlobalSection
EndGlobal
