
Microsoft Visual Studio Solution File, Format Version 12.00
# Visual Studio 15
VisualStudioVersion = 15.0.27703.2042
MinimumVisualStudioVersion = 10.0.40219.1
Project("{FAE04EC0-301F-11D3-BF4B-00C04F79EFBC}") = "TaskIO", "TaskIO\TaskIO.csproj", "{D45F80E3-3767-46B2-851D-5F35BCE1681E}"
EndProject
Global
	GlobalSection(SolutionConfigurationPlatforms) = preSolution
		Debug|Any CPU = Debug|Any CPU
		Release|Any CPU = Release|Any CPU
	EndGlobalSection
	GlobalSection(ProjectConfigurationPlatforms) = postSolution
		{D45F80E3-3767-46B2-851D-5F35BCE1681E}.Debug|Any CPU.ActiveCfg = Debug|Any CPU
		{D45F80E3-3767-46B2-851D-5F35BCE1681E}.Debug|Any CPU.Build.0 = Debug|Any CPU
		{D45F80E3-3767-46B2-851D-5F35BCE1681E}.Release|Any CPU.ActiveCfg = Release|Any CPU
		{D45F80E3-3767-46B2-851D-5F35BCE1681E}.Release|Any CPU.Build.0 = Release|Any CPU
	EndGlobalSection
	GlobalSection(SolutionProperties) = preSolution
		HideSolutionNode = FALSE
	EndGlobalSection
	GlobalSection(ExtensibilityGlobals) = postSolution
		SolutionGuid = {A85E9086-6FC3-4E10-8552-94E4B022D6AB}
	EndGlobalSection
EndGlobal
