
Microsoft Visual Studio Solution File, Format Version 12.00
# Visual Studio 15
VisualStudioVersion = 15.0.27703.2042
MinimumVisualStudioVersion = 10.0.40219.1
Project("{FAE04EC0-301F-11D3-BF4B-00C04F79EFBC}") = "LockAndMonitor", "LockAndMonitor\LockAndMonitor.csproj", "{5848F2BD-0BEB-4D33-B4C8-3AFD466E7835}"
EndProject
Global
	GlobalSection(SolutionConfigurationPlatforms) = preSolution
		Debug|Any CPU = Debug|Any CPU
		Release|Any CPU = Release|Any CPU
	EndGlobalSection
	GlobalSection(ProjectConfigurationPlatforms) = postSolution
		{5848F2BD-0BEB-4D33-B4C8-3AFD466E7835}.Debug|Any CPU.ActiveCfg = Debug|Any CPU
		{5848F2BD-0BEB-4D33-B4C8-3AFD466E7835}.Debug|Any CPU.Build.0 = Debug|Any CPU
		{5848F2BD-0BEB-4D33-B4C8-3AFD466E7835}.Release|Any CPU.ActiveCfg = Release|Any CPU
		{5848F2BD-0BEB-4D33-B4C8-3AFD466E7835}.Release|Any CPU.Build.0 = Release|Any CPU
	EndGlobalSection
	GlobalSection(SolutionProperties) = preSolution
		HideSolutionNode = FALSE
	EndGlobalSection
	GlobalSection(ExtensibilityGlobals) = postSolution
		SolutionGuid = {51CAC153-EE09-43C6-AF0B-C0CBC6ACFDF0}
	EndGlobalSection
EndGlobal
