
Microsoft Visual Studio Solution File, Format Version 12.00
# Visual Studio 15
VisualStudioVersion = 15.0.27703.2042
MinimumVisualStudioVersion = 10.0.40219.1
Project("{FAE04EC0-301F-11D3-BF4B-00C04F79EFBC}") = "ContextSwitching", "ContextSwitching\ContextSwitching.csproj", "{2EDA2300-6B46-42BA-A015-810A6074D89E}"
EndProject
Global
	GlobalSection(SolutionConfigurationPlatforms) = preSolution
		Debug|Any CPU = Debug|Any CPU
		Release|Any CPU = Release|Any CPU
	EndGlobalSection
	GlobalSection(ProjectConfigurationPlatforms) = postSolution
		{2EDA2300-6B46-42BA-A015-810A6074D89E}.Debug|Any CPU.ActiveCfg = Debug|Any CPU
		{2EDA2300-6B46-42BA-A015-810A6074D89E}.Debug|Any CPU.Build.0 = Debug|Any CPU
		{2EDA2300-6B46-42BA-A015-810A6074D89E}.Release|Any CPU.ActiveCfg = Release|Any CPU
		{2EDA2300-6B46-42BA-A015-810A6074D89E}.Release|Any CPU.Build.0 = Release|Any CPU
	EndGlobalSection
	GlobalSection(SolutionProperties) = preSolution
		HideSolutionNode = FALSE
	EndGlobalSection
	GlobalSection(ExtensibilityGlobals) = postSolution
		SolutionGuid = {1C530FA8-23C5-4F31-840E-37088FA73850}
	EndGlobalSection
EndGlobal
